
Microsoft Visual Studio Solution File, Format Version 12.00
# Visual Studio Version 17
VisualStudioVersion = 17.13.35605.110
MinimumVisualStudioVersion = 10.0.40219.1
Project("{FAE04EC0-301F-11D3-BF4B-00C04F79EFBC}") = "HedgerCli", "HedgerCli\HedgerCli.csproj", "{2E931CB3-0E4D-451D-84C6-D6311F708A61}"
EndProject
Project("{FAE04EC0-301F-11D3-BF4B-00C04F79EFBC}") = "HedgehogAPI", "HedgehogAPI\HedgehogAPI.csproj", "{F44B4784-DEAC-4F7D-A489-CF573B6E9732}"
EndProject
Project("{FAE04EC0-301F-11D3-BF4B-00C04F79EFBC}") = "OrderDomain", "OrderDomain\OrderDomain.csproj", "{7ED840BD-2ACB-4B79-951D-FC976D419438}"
EndProject
Project("{FAE04EC0-301F-11D3-BF4B-00C04F79EFBC}") = "OrederDomainTest", "OrederDomainTest\OrederDomainTest.csproj", "{8BFC9E7F-26D6-4341-9CE0-58546A9C403D}"
EndProject
Global
	GlobalSection(SolutionConfigurationPlatforms) = preSolution
		Debug|Any CPU = Debug|Any CPU
		Release|Any CPU = Release|Any CPU
	EndGlobalSection
	GlobalSection(ProjectConfigurationPlatforms) = postSolution
		{2E931CB3-0E4D-451D-84C6-D6311F708A61}.Debug|Any CPU.ActiveCfg = Debug|Any CPU
		{2E931CB3-0E4D-451D-84C6-D6311F708A61}.Debug|Any CPU.Build.0 = Debug|Any CPU
		{2E931CB3-0E4D-451D-84C6-D6311F708A61}.Release|Any CPU.ActiveCfg = Release|Any CPU
		{2E931CB3-0E4D-451D-84C6-D6311F708A61}.Release|Any CPU.Build.0 = Release|Any CPU
		{F44B4784-DEAC-4F7D-A489-CF573B6E9732}.Debug|Any CPU.ActiveCfg = Debug|Any CPU
		{F44B4784-DEAC-4F7D-A489-CF573B6E9732}.Debug|Any CPU.Build.0 = Debug|Any CPU
		{F44B4784-DEAC-4F7D-A489-CF573B6E9732}.Release|Any CPU.ActiveCfg = Release|Any CPU
		{F44B4784-DEAC-4F7D-A489-CF573B6E9732}.Release|Any CPU.Build.0 = Release|Any CPU
		{7ED840BD-2ACB-4B79-951D-FC976D419438}.Debug|Any CPU.ActiveCfg = Debug|Any CPU
		{7ED840BD-2ACB-4B79-951D-FC976D419438}.Debug|Any CPU.Build.0 = Debug|Any CPU
		{7ED840BD-2ACB-4B79-951D-FC976D419438}.Release|Any CPU.ActiveCfg = Release|Any CPU
		{7ED840BD-2ACB-4B79-951D-FC976D419438}.Release|Any CPU.Build.0 = Release|Any CPU
		{8BFC9E7F-26D6-4341-9CE0-58546A9C403D}.Debug|Any CPU.ActiveCfg = Debug|Any CPU
		{8BFC9E7F-26D6-4341-9CE0-58546A9C403D}.Debug|Any CPU.Build.0 = Debug|Any CPU
		{8BFC9E7F-26D6-4341-9CE0-58546A9C403D}.Release|Any CPU.ActiveCfg = Release|Any CPU
		{8BFC9E7F-26D6-4341-9CE0-58546A9C403D}.Release|Any CPU.Build.0 = Release|Any CPU
	EndGlobalSection
	GlobalSection(SolutionProperties) = preSolution
		HideSolutionNode = FALSE
	EndGlobalSection
	GlobalSection(ExtensibilityGlobals) = postSolution
		SolutionGuid = {C59630D8-9FA9-4604-89C7-D829C7AD17EB}
	EndGlobalSection
EndGlobal
