
Microsoft Visual Studio Solution File, Format Version 12.00
# Visual Studio Version 17
VisualStudioVersion = 17.13.35605.110
MinimumVisualStudioVersion = 10.0.40219.1
Project("{FAE04EC0-301F-11D3-BF4B-00C04F79EFBC}") = "HedgerCli", "HedgerCli\HedgerCli.csproj", "{2E931CB3-0E4D-451D-84C6-D6311F708A61}"
EndProject
Project("{FAE04EC0-301F-11D3-BF4B-00C04F79EFBC}") = "Models", "Models\Models.csproj", "{7FD40FC8-B13F-4308-A135-CA3B36F99506}"
EndProject
Global
	GlobalSection(SolutionConfigurationPlatforms) = preSolution
		Debug|Any CPU = Debug|Any CPU
		Release|Any CPU = Release|Any CPU
	EndGlobalSection
	GlobalSection(ProjectConfigurationPlatforms) = postSolution
		{2E931CB3-0E4D-451D-84C6-D6311F708A61}.Debug|Any CPU.ActiveCfg = Debug|Any CPU
		{2E931CB3-0E4D-451D-84C6-D6311F708A61}.Debug|Any CPU.Build.0 = Debug|Any CPU
		{2E931CB3-0E4D-451D-84C6-D6311F708A61}.Release|Any CPU.ActiveCfg = Release|Any CPU
		{2E931CB3-0E4D-451D-84C6-D6311F708A61}.Release|Any CPU.Build.0 = Release|Any CPU
		{7FD40FC8-B13F-4308-A135-CA3B36F99506}.Debug|Any CPU.ActiveCfg = Debug|Any CPU
		{7FD40FC8-B13F-4308-A135-CA3B36F99506}.Debug|Any CPU.Build.0 = Debug|Any CPU
		{7FD40FC8-B13F-4308-A135-CA3B36F99506}.Release|Any CPU.ActiveCfg = Release|Any CPU
		{7FD40FC8-B13F-4308-A135-CA3B36F99506}.Release|Any CPU.Build.0 = Release|Any CPU
	EndGlobalSection
	GlobalSection(SolutionProperties) = preSolution
		HideSolutionNode = FALSE
	EndGlobalSection
	GlobalSection(ExtensibilityGlobals) = postSolution
		SolutionGuid = {C59630D8-9FA9-4604-89C7-D829C7AD17EB}
	EndGlobalSection
EndGlobal
